
Microsoft Visual Studio Solution File, Format Version 12.00
# Visual Studio Version 17
VisualStudioVersion = 17.0.31903.59
MinimumVisualStudioVersion = 10.0.40219.1
Project("{9A19103F-16F7-4668-BE54-9A1E7A4F7556}") = "Andastra", "src\Andastra\Andastra.csproj", "{D207F338-07CE-44F9-9B7B-52A089022305}"
EndProject
Project("{9A19103F-16F7-4668-BE54-9A1E7A4F7556}") = "Andastra.Core", "src\Andastra\Core\Andastra.Core.csproj", "{DDAA199A-76AE-4F97-8FD7-22CB4EFA1F0B}"
EndProject
Project("{9A19103F-16F7-4668-BE54-9A1E7A4F7556}") = "Andastra.Game", "src\Andastra\Game\Andastra.Game.csproj", "{D20F72D4-EC6C-4EF3-A9A6-70133B807B2B}"
EndProject
Project("{9A19103F-16F7-4668-BE54-9A1E7A4F7556}") = "Andastra.Graphics", "src\Andastra\Graphics\Andastra.Graphics.csproj", "{D03548BB-179C-49B7-932A-00299917ACD1}"
EndProject
Project("{9A19103F-16F7-4668-BE54-9A1E7A4F7556}") = "Andastra.Runtime", "src\Andastra\Runtime\Andastra.Runtime.csproj", "{84004608-4C9F-4878-B95E-8EA03DFC3813}"
EndProject
Project("{9A19103F-16F7-4668-BE54-9A1E7A4F7556}") = "Andastra.UI", "src\Andastra\UI\Andastra.UI.csproj", "{C9E6D5C2-FA11-46A5-88A7-FA1B8571905D}"
EndProject
Project("{9A19103F-16F7-4668-BE54-9A1E7A4F7556}") = "BioWare", "src\BioWare\BioWare.csproj", "{E13A4117-85F2-4995-BB3A-0D3EBCC9107C}"
EndProject
Project("{9A19103F-16F7-4668-BE54-9A1E7A4F7556}") = "Andastra.Utility", "src\BioWare\Utility\Andastra.Utility.csproj", "{701ED044-C28E-4900-9D0A-BC18977B7241}"
EndProject
Project("{9A19103F-16F7-4668-BE54-9A1E7A4F7556}") = "KotorCLI", "src\Tools\KotorCLI\KotorCLI.csproj", "{F387E498-ABC1-4158-8C86-45E6CC98F0C4}"
EndProject
Project("{9A19103F-16F7-4668-BE54-9A1E7A4F7556}") = "KotorDiff", "src\Tools\KotorDiff\KotorDiff.csproj", "{F7892F81-F874-40B3-87AB-A623876EEBF4}"
EndProject
Project("{9A19103F-16F7-4668-BE54-9A1E7A4F7556}") = "NCSDecomp.CLI", "src\Tools\NCSDecomp.CLI\NCSDecomp.CLI.csproj", "{02F90367-D386-4ED8-9F2A-ED93EA270726}"
EndProject
Project("{9A19103F-16F7-4668-BE54-9A1E7A4F7556}") = "NSSComp", "src\Tools\NSSComp\NSSComp.csproj", "{962CE717-511B-4C26-950B-8A5F1CD3F7E5}"
EndProject
Project("{9A19103F-16F7-4668-BE54-9A1E7A4F7556}") = "ConvertKotorGame", "src\Tools\ConvertKotorGame\ConvertKotorGame.csproj", "{C0N7E4D1-6A6E-4B1F-9C3D-8E5F2A1B4C7D}"
EndProject
Project("{9A19103F-16F7-4668-BE54-9A1E7A4F7556}") = "OdyPatch.UI", "src\Tools\OdyPatch.UI\OdyPatch.UI.csproj", "{8353829F-A970-48B1-86DA-66B3DB394EED}"
EndProject
Project("{9A19103F-16F7-4668-BE54-9A1E7A4F7556}") = "OdyPatch", "src\Tools\OdyPatch\OdyPatch.csproj", "{9E67DB64-DFD0-4DCF-9AC5-2EA241DCBCE9}"
EndProject
Project("{9A19103F-16F7-4668-BE54-9A1E7A4F7556}") = "OdyToolDLG.Standalone", "src\Tools\OdyTools\Editors\DLG\OdyToolDLG.Standalone.csproj", "{638EFD3F-8EBD-4573-9E47-367727F4F573}"
EndProject
Project("{9A19103F-16F7-4668-BE54-9A1E7A4F7556}") = "OdyToolARE.Standalone", "src\Tools\OdyTools\Editors\OdyToolARE.Standalone.csproj", "{8A57E791-C65B-45A3-9CC5-78A677047A9B}"
EndProject
Project("{9A19103F-16F7-4668-BE54-9A1E7A4F7556}") = "OdyToolBWM.Standalone", "src\Tools\OdyTools\Editors\OdyToolBWM.Standalone.csproj", "{6A59689C-E4B9-4F0D-B9C0-2F0BDCC21426}"
EndProject
Project("{9A19103F-16F7-4668-BE54-9A1E7A4F7556}") = "OdyToolERF.Standalone", "src\Tools\OdyTools\Editors\OdyToolERF.Standalone.csproj", "{4F007743-3FE1-4EFF-9065-0192EE37B244}"
EndProject
Project("{9A19103F-16F7-4668-BE54-9A1E7A4F7556}") = "OdyToolGFF.Standalone", "src\Tools\OdyTools\Editors\OdyToolGFF.Standalone.csproj", "{8BF4EB08-A73D-47AE-8DB9-EC460F1E978C}"
EndProject
Project("{9A19103F-16F7-4668-BE54-9A1E7A4F7556}") = "OdyToolGUI.Standalone", "src\Tools\OdyTools\Editors\GUI\OdyToolGUI.Standalone.csproj", "{B71E8C3A-5F02-4D91-9A1B-3E4D5C6F7A8B}"
EndProject
Project("{9A19103F-16F7-4668-BE54-9A1E7A4F7556}") = "OdyToolGIT.Standalone", "src\Tools\OdyTools\Editors\OdyToolGIT.Standalone.csproj", "{2C43080F-A825-49BF-88DC-1DC2FB61D364}"
EndProject
Project("{9A19103F-16F7-4668-BE54-9A1E7A4F7556}") = "OdyToolIFO.Standalone", "src\Tools\OdyTools\Editors\OdyToolIFO.Standalone.csproj", "{ADF7E546-4BAC-4D42-9770-588CDC5F1A16}"
EndProject
Project("{9A19103F-16F7-4668-BE54-9A1E7A4F7556}") = "OdyToolJRL.Standalone", "src\Tools\OdyTools\Editors\OdyToolJRL.Standalone.csproj", "{421EB120-C407-4720-969A-26181A930A25}"
EndProject
Project("{9A19103F-16F7-4668-BE54-9A1E7A4F7556}") = "OdyToolLIP.Standalone", "src\Tools\OdyTools\Editors\OdyToolLIP.Standalone.csproj", "{0AB0B5A5-318F-4E3B-A491-9659B715021D}"
EndProject
Project("{9A19103F-16F7-4668-BE54-9A1E7A4F7556}") = "OdyToolLTR.Standalone", "src\Tools\OdyTools\Editors\OdyToolLTR.Standalone.csproj", "{93A8B374-73AC-41FC-80BC-15222A1D19A2}"
EndProject
Project("{9A19103F-16F7-4668-BE54-9A1E7A4F7556}") = "OdyToolLYT.Standalone", "src\Tools\OdyTools\Editors\OdyToolLYT.Standalone.csproj", "{C0D27529-D0A3-49D9-BBAA-701A940B24FE}"
EndProject
Project("{9A19103F-16F7-4668-BE54-9A1E7A4F7556}") = "OdyToolMDL.Standalone", "src\Tools\OdyTools\Editors\OdyToolMDL.Standalone.csproj", "{111724D9-CB3E-44A0-B5A5-9C6D451E85F0}"
EndProject
Project("{9A19103F-16F7-4668-BE54-9A1E7A4F7556}") = "OdyToolNSS.Standalone", "src\Tools\OdyTools\Editors\OdyToolNSS.Standalone.csproj", "{99995331-9467-40D9-AACB-78CEC57336E9}"
EndProject
Project("{9A19103F-16F7-4668-BE54-9A1E7A4F7556}") = "OdyToolPTH.Standalone", "src\Tools\OdyTools\Editors\OdyToolPTH.Standalone.csproj", "{E2363A8E-8A17-4A8C-AC4A-BFC527F41FF1}"
EndProject
Project("{9A19103F-16F7-4668-BE54-9A1E7A4F7556}") = "OdyToolSAV.Standalone", "src\Tools\OdyTools\Editors\OdyToolSAV.Standalone.csproj", "{D393CB48-0A88-4F6C-A771-32D48C59FA86}"
EndProject
Project("{9A19103F-16F7-4668-BE54-9A1E7A4F7556}") = "OdyToolSSF.Standalone", "src\Tools\OdyTools\Editors\OdyToolSSF.Standalone.csproj", "{A84250CA-D6A9-44F8-978D-FA18FA78A196}"
EndProject
Project("{9A19103F-16F7-4668-BE54-9A1E7A4F7556}") = "OdyToolTLK.Standalone", "src\Tools\OdyTools\Editors\OdyToolTLK.Standalone.csproj", "{5CB6FD0E-09B1-4C4B-9B33-7BF80B602EFB}"
EndProject
Project("{9A19103F-16F7-4668-BE54-9A1E7A4F7556}") = "OdyToolTPC.Standalone", "src\Tools\OdyTools\Editors\OdyToolTPC.Standalone.csproj", "{258F6CEA-99D0-46F7-BB56-5AA6AE7D9220}"
EndProject
Project("{9A19103F-16F7-4668-BE54-9A1E7A4F7556}") = "OdyTool2DA.Standalone", "src\Tools\OdyTools\Editors\OdyTool2DA.Standalone.csproj", "{3C51A505-5358-4C7D-860F-3CDBE9AFD029}"
EndProject
Project("{9A19103F-16F7-4668-BE54-9A1E7A4F7556}") = "OdyToolTXT.Standalone", "src\Tools\OdyTools\Editors\OdyToolTXT.Standalone.csproj", "{510269CF-15D7-4396-8C7B-FB04F0702FB2}"
EndProject
Project("{9A19103F-16F7-4668-BE54-9A1E7A4F7556}") = "OdyToolUTC.Standalone", "src\Tools\OdyTools\Editors\OdyToolUTC.Standalone.csproj", "{00048866-EF32-4C69-ADF0-49D43E789C03}"
EndProject
Project("{9A19103F-16F7-4668-BE54-9A1E7A4F7556}") = "OdyToolUTD.Standalone", "src\Tools\OdyTools\Editors\OdyToolUTD.Standalone.csproj", "{A43401E7-9FF4-4F2D-8F09-0BEF1FA9C8C6}"
EndProject
Project("{9A19103F-16F7-4668-BE54-9A1E7A4F7556}") = "OdyToolUTE.Standalone", "src\Tools\OdyTools\Editors\OdyToolUTE.Standalone.csproj", "{E03F5C05-E4A5-4232-B77A-F869A85D86F0}"
EndProject
Project("{9A19103F-16F7-4668-BE54-9A1E7A4F7556}") = "OdyToolUTI.Standalone", "src\Tools\OdyTools\Editors\OdyToolUTI.Standalone.csproj", "{8D1FC514-EC8E-4253-A685-CC9D941EDBE9}"
EndProject
Project("{9A19103F-16F7-4668-BE54-9A1E7A4F7556}") = "OdyToolUTM.Standalone", "src\Tools\OdyTools\Editors\OdyToolUTM.Standalone.csproj", "{FEBA5C6C-97A7-4526-B5BE-CD83BC8437CB}"
EndProject
Project("{9A19103F-16F7-4668-BE54-9A1E7A4F7556}") = "OdyToolUTP.Standalone", "src\Tools\OdyTools\Editors\OdyToolUTP.Standalone.csproj", "{DB80AE0E-609D-454D-B3DA-A8274F14E413}"
EndProject
Project("{9A19103F-16F7-4668-BE54-9A1E7A4F7556}") = "OdyToolUTS.Standalone", "src\Tools\OdyTools\Editors\OdyToolUTS.Standalone.csproj", "{520CB2E1-3145-49A2-B7FF-721E482FBA64}"
EndProject
Project("{9A19103F-16F7-4668-BE54-9A1E7A4F7556}") = "OdyToolUTT.Standalone", "src\Tools\OdyTools\Editors\OdyToolUTT.Standalone.csproj", "{878C0297-8C5F-4E0C-A7E2-33CDC51E8A45}"
EndProject
Project("{9A19103F-16F7-4668-BE54-9A1E7A4F7556}") = "OdyToolUTW.Standalone", "src\Tools\OdyTools\Editors\OdyToolUTW.Standalone.csproj", "{BC8B3939-B202-47B6-B512-D0CD5CFF9276}"
EndProject
Project("{9A19103F-16F7-4668-BE54-9A1E7A4F7556}") = "OdyToolWAV.Standalone", "src\Tools\OdyTools\Editors\OdyToolWAV.Standalone.csproj", "{74836513-F269-49D7-9EEA-58AE71C5DF28}"
EndProject
Project("{9A19103F-16F7-4668-BE54-9A1E7A4F7556}") = "OdyTools", "src\Tools\OdyTools\OdyTools.csproj", "{7EC906F0-23C5-4E9A-A3B9-8C27E6CB9CF3}"
EndProject
Project("{9A19103F-16F7-4668-BE54-9A1E7A4F7556}") = "OdyTools.Standalone", "src\Tools\OdyTools\OdyTools.Standalone.csproj", "{26A6C7B9-FAF6-46C6-97FB-6832EFC1FF79}"
EndProject
Project("{9A19103F-16F7-4668-BE54-9A1E7A4F7556}") = "Andastra.Tests", "tests\Andastra.Tests\Andastra.Tests.csproj", "{F00321CE-0BF8-458E-A980-9E67208E1B46}"
EndProject
Project("{9A19103F-16F7-4668-BE54-9A1E7A4F7556}") = "BioWare.Tests", "tests\BioWare.Tests\BioWare.Tests.csproj", "{6A431AB0-0552-416E-996A-75042AF10C6F}"
EndProject
Project("{9A19103F-16F7-4668-BE54-9A1E7A4F7556}") = "Performance", "tests\BioWare.Tests\Performance\Performance.csproj", "{56A89EB9-741B-4117-857E-B87121FBEA9F}"
EndProject
Project("{9A19103F-16F7-4668-BE54-9A1E7A4F7556}") = "OdyTools.Tests", "tests\OdyTools.Tests\OdyTools.Tests.csproj", "{D2E04459-0D96-4996-B863-73E48857B3C2}"
EndProject
Project("{2150E333-8FDC-42A3-9474-1A3956D46DE8}") = "src", "src", "{827E0CD3-B72D-47B6-A68D-7590B98EB39B}"
EndProject
Project("{2150E333-8FDC-42A3-9474-1A3956D46DE8}") = "Andastra", "Andastra", "{255D96CA-DDCC-F829-56EC-3EBC20F81C68}"
EndProject
Project("{2150E333-8FDC-42A3-9474-1A3956D46DE8}") = "Game", "Game", "{C4A9C059-AAD5-FCD2-0430-42EB604938B5}"
EndProject
Project("{2150E333-8FDC-42A3-9474-1A3956D46DE8}") = "Scripting.Abstractions", "Scripting.Abstractions", "{1DC32272-BDDF-E11A-F921-9063846D2ECD}"
EndProject
Project("{FAE04EC0-301F-11D3-BF4B-00C04F79EFBC}") = "Andastra.Game.Scripting.Abstractions", "src\Andastra\Game\Scripting.Abstractions\Andastra.Game.Scripting.Abstractions.csproj", "{F80577B0-110F-4C92-B4E9-1AEBF2550C88}"
EndProject
Global
	GlobalSection(SolutionConfigurationPlatforms) = preSolution
		Debug|Any CPU = Debug|Any CPU
		Debug|x64 = Debug|x64
		Debug|x86 = Debug|x86
		Release|Any CPU = Release|Any CPU
		Release|x64 = Release|x64
		Release|x86 = Release|x86
	EndGlobalSection
	GlobalSection(ProjectConfigurationPlatforms) = postSolution
		{D207F338-07CE-44F9-9B7B-52A089022305}.Debug|Any CPU.ActiveCfg = Debug|Any CPU
		{D207F338-07CE-44F9-9B7B-52A089022305}.Debug|Any CPU.Build.0 = Debug|Any CPU
		{D207F338-07CE-44F9-9B7B-52A089022305}.Debug|x64.ActiveCfg = Debug|x64
		{D207F338-07CE-44F9-9B7B-52A089022305}.Debug|x64.Build.0 = Debug|x64
		{D207F338-07CE-44F9-9B7B-52A089022305}.Debug|x86.ActiveCfg = Debug|x86
		{D207F338-07CE-44F9-9B7B-52A089022305}.Debug|x86.Build.0 = Debug|x86
		{D207F338-07CE-44F9-9B7B-52A089022305}.Release|Any CPU.ActiveCfg = Release|Any CPU
		{D207F338-07CE-44F9-9B7B-52A089022305}.Release|Any CPU.Build.0 = Release|Any CPU
		{D207F338-07CE-44F9-9B7B-52A089022305}.Release|x64.ActiveCfg = Release|x64
		{D207F338-07CE-44F9-9B7B-52A089022305}.Release|x64.Build.0 = Release|x64
		{D207F338-07CE-44F9-9B7B-52A089022305}.Release|x86.ActiveCfg = Release|x86
		{D207F338-07CE-44F9-9B7B-52A089022305}.Release|x86.Build.0 = Release|x86
		{DDAA199A-76AE-4F97-8FD7-22CB4EFA1F0B}.Debug|Any CPU.ActiveCfg = Debug|Any CPU
		{DDAA199A-76AE-4F97-8FD7-22CB4EFA1F0B}.Debug|Any CPU.Build.0 = Debug|Any CPU
		{DDAA199A-76AE-4F97-8FD7-22CB4EFA1F0B}.Debug|x64.ActiveCfg = Debug|x64
		{DDAA199A-76AE-4F97-8FD7-22CB4EFA1F0B}.Debug|x64.Build.0 = Debug|x64
		{DDAA199A-76AE-4F97-8FD7-22CB4EFA1F0B}.Debug|x86.ActiveCfg = Debug|x86
		{DDAA199A-76AE-4F97-8FD7-22CB4EFA1F0B}.Debug|x86.Build.0 = Debug|x86
		{DDAA199A-76AE-4F97-8FD7-22CB4EFA1F0B}.Release|Any CPU.ActiveCfg = Release|Any CPU
		{DDAA199A-76AE-4F97-8FD7-22CB4EFA1F0B}.Release|Any CPU.Build.0 = Release|Any CPU
		{DDAA199A-76AE-4F97-8FD7-22CB4EFA1F0B}.Release|x64.ActiveCfg = Release|x64
		{DDAA199A-76AE-4F97-8FD7-22CB4EFA1F0B}.Release|x64.Build.0 = Release|x64
		{DDAA199A-76AE-4F97-8FD7-22CB4EFA1F0B}.Release|x86.ActiveCfg = Release|x86
		{DDAA199A-76AE-4F97-8FD7-22CB4EFA1F0B}.Release|x86.Build.0 = Release|x86
		{D20F72D4-EC6C-4EF3-A9A6-70133B807B2B}.Debug|Any CPU.ActiveCfg = Debug|Any CPU
		{D20F72D4-EC6C-4EF3-A9A6-70133B807B2B}.Debug|Any CPU.Build.0 = Debug|Any CPU
		{D20F72D4-EC6C-4EF3-A9A6-70133B807B2B}.Debug|x64.ActiveCfg = Debug|x64
		{D20F72D4-EC6C-4EF3-A9A6-70133B807B2B}.Debug|x64.Build.0 = Debug|x64
		{D20F72D4-EC6C-4EF3-A9A6-70133B807B2B}.Debug|x86.ActiveCfg = Debug|x86
		{D20F72D4-EC6C-4EF3-A9A6-70133B807B2B}.Debug|x86.Build.0 = Debug|x86
		{D20F72D4-EC6C-4EF3-A9A6-70133B807B2B}.Release|Any CPU.ActiveCfg = Release|Any CPU
		{D20F72D4-EC6C-4EF3-A9A6-70133B807B2B}.Release|Any CPU.Build.0 = Release|Any CPU
		{D20F72D4-EC6C-4EF3-A9A6-70133B807B2B}.Release|x64.ActiveCfg = Release|x64
		{D20F72D4-EC6C-4EF3-A9A6-70133B807B2B}.Release|x64.Build.0 = Release|x64
		{D20F72D4-EC6C-4EF3-A9A6-70133B807B2B}.Release|x86.ActiveCfg = Release|x86
		{D20F72D4-EC6C-4EF3-A9A6-70133B807B2B}.Release|x86.Build.0 = Release|x86
		{D03548BB-179C-49B7-932A-00299917ACD1}.Debug|Any CPU.ActiveCfg = Debug|Any CPU
		{D03548BB-179C-49B7-932A-00299917ACD1}.Debug|Any CPU.Build.0 = Debug|Any CPU
		{D03548BB-179C-49B7-932A-00299917ACD1}.Debug|x64.ActiveCfg = Debug|x64
		{D03548BB-179C-49B7-932A-00299917ACD1}.Debug|x64.Build.0 = Debug|x64
		{D03548BB-179C-49B7-932A-00299917ACD1}.Debug|x86.ActiveCfg = Debug|x86
		{D03548BB-179C-49B7-932A-00299917ACD1}.Debug|x86.Build.0 = Debug|x86
		{D03548BB-179C-49B7-932A-00299917ACD1}.Release|Any CPU.ActiveCfg = Release|Any CPU
		{D03548BB-179C-49B7-932A-00299917ACD1}.Release|Any CPU.Build.0 = Release|Any CPU
		{D03548BB-179C-49B7-932A-00299917ACD1}.Release|x64.ActiveCfg = Release|x64
		{D03548BB-179C-49B7-932A-00299917ACD1}.Release|x64.Build.0 = Release|x64
		{D03548BB-179C-49B7-932A-00299917ACD1}.Release|x86.ActiveCfg = Release|x86
		{D03548BB-179C-49B7-932A-00299917ACD1}.Release|x86.Build.0 = Release|x86
		{84004608-4C9F-4878-B95E-8EA03DFC3813}.Debug|Any CPU.ActiveCfg = Debug|Any CPU
		{84004608-4C9F-4878-B95E-8EA03DFC3813}.Debug|Any CPU.Build.0 = Debug|Any CPU
		{84004608-4C9F-4878-B95E-8EA03DFC3813}.Debug|x64.ActiveCfg = Debug|x64
		{84004608-4C9F-4878-B95E-8EA03DFC3813}.Debug|x64.Build.0 = Debug|x64
		{84004608-4C9F-4878-B95E-8EA03DFC3813}.Debug|x86.ActiveCfg = Debug|x86
		{84004608-4C9F-4878-B95E-8EA03DFC3813}.Debug|x86.Build.0 = Debug|x86
		{84004608-4C9F-4878-B95E-8EA03DFC3813}.Release|Any CPU.ActiveCfg = Release|Any CPU
		{84004608-4C9F-4878-B95E-8EA03DFC3813}.Release|Any CPU.Build.0 = Release|Any CPU
		{84004608-4C9F-4878-B95E-8EA03DFC3813}.Release|x64.ActiveCfg = Release|x64
		{84004608-4C9F-4878-B95E-8EA03DFC3813}.Release|x64.Build.0 = Release|x64
		{84004608-4C9F-4878-B95E-8EA03DFC3813}.Release|x86.ActiveCfg = Release|x86
		{84004608-4C9F-4878-B95E-8EA03DFC3813}.Release|x86.Build.0 = Release|x86
		{C9E6D5C2-FA11-46A5-88A7-FA1B8571905D}.Debug|Any CPU.ActiveCfg = Debug|Any CPU
		{C9E6D5C2-FA11-46A5-88A7-FA1B8571905D}.Debug|Any CPU.Build.0 = Debug|Any CPU
		{C9E6D5C2-FA11-46A5-88A7-FA1B8571905D}.Debug|x64.ActiveCfg = Debug|x64
		{C9E6D5C2-FA11-46A5-88A7-FA1B8571905D}.Debug|x64.Build.0 = Debug|x64
		{C9E6D5C2-FA11-46A5-88A7-FA1B8571905D}.Debug|x86.ActiveCfg = Debug|x86
		{C9E6D5C2-FA11-46A5-88A7-FA1B8571905D}.Debug|x86.Build.0 = Debug|x86
		{C9E6D5C2-FA11-46A5-88A7-FA1B8571905D}.Release|Any CPU.ActiveCfg = Release|Any CPU
		{C9E6D5C2-FA11-46A5-88A7-FA1B8571905D}.Release|Any CPU.Build.0 = Release|Any CPU
		{C9E6D5C2-FA11-46A5-88A7-FA1B8571905D}.Release|x64.ActiveCfg = Release|x64
		{C9E6D5C2-FA11-46A5-88A7-FA1B8571905D}.Release|x64.Build.0 = Release|x64
		{C9E6D5C2-FA11-46A5-88A7-FA1B8571905D}.Release|x86.ActiveCfg = Release|x86
		{C9E6D5C2-FA11-46A5-88A7-FA1B8571905D}.Release|x86.Build.0 = Release|x86
		{E13A4117-85F2-4995-BB3A-0D3EBCC9107C}.Debug|Any CPU.ActiveCfg = Debug|Any CPU
		{E13A4117-85F2-4995-BB3A-0D3EBCC9107C}.Debug|Any CPU.Build.0 = Debug|Any CPU
		{E13A4117-85F2-4995-BB3A-0D3EBCC9107C}.Debug|x64.ActiveCfg = Debug|x64
		{E13A4117-85F2-4995-BB3A-0D3EBCC9107C}.Debug|x64.Build.0 = Debug|x64
		{E13A4117-85F2-4995-BB3A-0D3EBCC9107C}.Debug|x86.ActiveCfg = Debug|x86
		{E13A4117-85F2-4995-BB3A-0D3EBCC9107C}.Debug|x86.Build.0 = Debug|x86
		{E13A4117-85F2-4995-BB3A-0D3EBCC9107C}.Release|Any CPU.ActiveCfg = Release|Any CPU
		{E13A4117-85F2-4995-BB3A-0D3EBCC9107C}.Release|Any CPU.Build.0 = Release|Any CPU
		{E13A4117-85F2-4995-BB3A-0D3EBCC9107C}.Release|x64.ActiveCfg = Release|x64
		{E13A4117-85F2-4995-BB3A-0D3EBCC9107C}.Release|x64.Build.0 = Release|x64
		{E13A4117-85F2-4995-BB3A-0D3EBCC9107C}.Release|x86.ActiveCfg = Release|x86
		{E13A4117-85F2-4995-BB3A-0D3EBCC9107C}.Release|x86.Build.0 = Release|x86
		{701ED044-C28E-4900-9D0A-BC18977B7241}.Debug|Any CPU.ActiveCfg = Debug|Any CPU
		{701ED044-C28E-4900-9D0A-BC18977B7241}.Debug|Any CPU.Build.0 = Debug|Any CPU
		{701ED044-C28E-4900-9D0A-BC18977B7241}.Debug|x64.ActiveCfg = Debug|x64
		{701ED044-C28E-4900-9D0A-BC18977B7241}.Debug|x64.Build.0 = Debug|x64
		{701ED044-C28E-4900-9D0A-BC18977B7241}.Debug|x86.ActiveCfg = Debug|x86
		{701ED044-C28E-4900-9D0A-BC18977B7241}.Debug|x86.Build.0 = Debug|x86
		{701ED044-C28E-4900-9D0A-BC18977B7241}.Release|Any CPU.ActiveCfg = Release|Any CPU
		{701ED044-C28E-4900-9D0A-BC18977B7241}.Release|Any CPU.Build.0 = Release|Any CPU
		{701ED044-C28E-4900-9D0A-BC18977B7241}.Release|x64.ActiveCfg = Release|x64
		{701ED044-C28E-4900-9D0A-BC18977B7241}.Release|x64.Build.0 = Release|x64
		{701ED044-C28E-4900-9D0A-BC18977B7241}.Release|x86.ActiveCfg = Release|x86
		{701ED044-C28E-4900-9D0A-BC18977B7241}.Release|x86.Build.0 = Release|x86
		{EFCF2BEF-AACE-471F-9365-454D22E1DE6A}.Debug|Any CPU.ActiveCfg = Debug|Any CPU
		{EFCF2BEF-AACE-471F-9365-454D22E1DE6A}.Debug|Any CPU.Build.0 = Debug|Any CPU
		{EFCF2BEF-AACE-471F-9365-454D22E1DE6A}.Debug|x64.ActiveCfg = Debug|x64
		{EFCF2BEF-AACE-471F-9365-454D22E1DE6A}.Debug|x64.Build.0 = Debug|x64
		{EFCF2BEF-AACE-471F-9365-454D22E1DE6A}.Debug|x86.ActiveCfg = Debug|x86
		{EFCF2BEF-AACE-471F-9365-454D22E1DE6A}.Debug|x86.Build.0 = Debug|x86
		{EFCF2BEF-AACE-471F-9365-454D22E1DE6A}.Release|Any CPU.ActiveCfg = Release|Any CPU
		{EFCF2BEF-AACE-471F-9365-454D22E1DE6A}.Release|Any CPU.Build.0 = Release|Any CPU
		{EFCF2BEF-AACE-471F-9365-454D22E1DE6A}.Release|x64.ActiveCfg = Release|x64
		{EFCF2BEF-AACE-471F-9365-454D22E1DE6A}.Release|x64.Build.0 = Release|x64
		{EFCF2BEF-AACE-471F-9365-454D22E1DE6A}.Release|x86.ActiveCfg = Release|x86
		{EFCF2BEF-AACE-471F-9365-454D22E1DE6A}.Release|x86.Build.0 = Release|x86
		{5896BEE9-00C7-47A1-A31A-B9B4AD45A579}.Debug|Any CPU.ActiveCfg = Debug|Any CPU
		{5896BEE9-00C7-47A1-A31A-B9B4AD45A579}.Debug|Any CPU.Build.0 = Debug|Any CPU
		{5896BEE9-00C7-47A1-A31A-B9B4AD45A579}.Debug|x64.ActiveCfg = Debug|x64
		{5896BEE9-00C7-47A1-A31A-B9B4AD45A579}.Debug|x64.Build.0 = Debug|x64
		{5896BEE9-00C7-47A1-A31A-B9B4AD45A579}.Debug|x86.ActiveCfg = Debug|x86
		{5896BEE9-00C7-47A1-A31A-B9B4AD45A579}.Debug|x86.Build.0 = Debug|x86
		{5896BEE9-00C7-47A1-A31A-B9B4AD45A579}.Release|Any CPU.ActiveCfg = Release|Any CPU
		{5896BEE9-00C7-47A1-A31A-B9B4AD45A579}.Release|Any CPU.Build.0 = Release|Any CPU
		{5896BEE9-00C7-47A1-A31A-B9B4AD45A579}.Release|x64.ActiveCfg = Release|x64
		{5896BEE9-00C7-47A1-A31A-B9B4AD45A579}.Release|x64.Build.0 = Release|x64
		{5896BEE9-00C7-47A1-A31A-B9B4AD45A579}.Release|x86.ActiveCfg = Release|x86
		{5896BEE9-00C7-47A1-A31A-B9B4AD45A579}.Release|x86.Build.0 = Release|x86
		{F387E498-ABC1-4158-8C86-45E6CC98F0C4}.Debug|Any CPU.ActiveCfg = Debug|Any CPU
		{F387E498-ABC1-4158-8C86-45E6CC98F0C4}.Debug|Any CPU.Build.0 = Debug|Any CPU
		{F387E498-ABC1-4158-8C86-45E6CC98F0C4}.Debug|x64.ActiveCfg = Debug|x64
		{F387E498-ABC1-4158-8C86-45E6CC98F0C4}.Debug|x64.Build.0 = Debug|x64
		{F387E498-ABC1-4158-8C86-45E6CC98F0C4}.Debug|x86.ActiveCfg = Debug|x86
		{F387E498-ABC1-4158-8C86-45E6CC98F0C4}.Debug|x86.Build.0 = Debug|x86
		{F387E498-ABC1-4158-8C86-45E6CC98F0C4}.Release|Any CPU.ActiveCfg = Release|Any CPU
		{F387E498-ABC1-4158-8C86-45E6CC98F0C4}.Release|Any CPU.Build.0 = Release|Any CPU
		{F387E498-ABC1-4158-8C86-45E6CC98F0C4}.Release|x64.ActiveCfg = Release|x64
		{F387E498-ABC1-4158-8C86-45E6CC98F0C4}.Release|x64.Build.0 = Release|x64
		{F387E498-ABC1-4158-8C86-45E6CC98F0C4}.Release|x86.ActiveCfg = Release|x86
		{F387E498-ABC1-4158-8C86-45E6CC98F0C4}.Release|x86.Build.0 = Release|x86
		{F7892F81-F874-40B3-87AB-A623876EEBF4}.Debug|Any CPU.ActiveCfg = Debug|Any CPU
		{F7892F81-F874-40B3-87AB-A623876EEBF4}.Debug|Any CPU.Build.0 = Debug|Any CPU
		{F7892F81-F874-40B3-87AB-A623876EEBF4}.Debug|x64.ActiveCfg = Debug|x64
		{F7892F81-F874-40B3-87AB-A623876EEBF4}.Debug|x64.Build.0 = Debug|x64
		{F7892F81-F874-40B3-87AB-A623876EEBF4}.Debug|x86.ActiveCfg = Debug|x86
		{F7892F81-F874-40B3-87AB-A623876EEBF4}.Debug|x86.Build.0 = Debug|x86
		{F7892F81-F874-40B3-87AB-A623876EEBF4}.Release|Any CPU.ActiveCfg = Release|Any CPU
		{F7892F81-F874-40B3-87AB-A623876EEBF4}.Release|Any CPU.Build.0 = Release|Any CPU
		{F7892F81-F874-40B3-87AB-A623876EEBF4}.Release|x64.ActiveCfg = Release|x64
		{F7892F81-F874-40B3-87AB-A623876EEBF4}.Release|x64.Build.0 = Release|x64
		{F7892F81-F874-40B3-87AB-A623876EEBF4}.Release|x86.ActiveCfg = Release|x86
		{F7892F81-F874-40B3-87AB-A623876EEBF4}.Release|x86.Build.0 = Release|x86
		{02F90367-D386-4ED8-9F2A-ED93EA270726}.Debug|Any CPU.ActiveCfg = Debug|Any CPU
		{02F90367-D386-4ED8-9F2A-ED93EA270726}.Debug|Any CPU.Build.0 = Debug|Any CPU
		{02F90367-D386-4ED8-9F2A-ED93EA270726}.Debug|x64.ActiveCfg = Debug|x64
		{02F90367-D386-4ED8-9F2A-ED93EA270726}.Debug|x64.Build.0 = Debug|x64
		{02F90367-D386-4ED8-9F2A-ED93EA270726}.Debug|x86.ActiveCfg = Debug|x86
		{02F90367-D386-4ED8-9F2A-ED93EA270726}.Debug|x86.Build.0 = Debug|x86
		{02F90367-D386-4ED8-9F2A-ED93EA270726}.Release|Any CPU.ActiveCfg = Release|Any CPU
		{02F90367-D386-4ED8-9F2A-ED93EA270726}.Release|Any CPU.Build.0 = Release|Any CPU
		{02F90367-D386-4ED8-9F2A-ED93EA270726}.Release|x64.ActiveCfg = Release|x64
		{02F90367-D386-4ED8-9F2A-ED93EA270726}.Release|x64.Build.0 = Release|x64
		{02F90367-D386-4ED8-9F2A-ED93EA270726}.Release|x86.ActiveCfg = Release|x86
		{02F90367-D386-4ED8-9F2A-ED93EA270726}.Release|x86.Build.0 = Release|x86
		{962CE717-511B-4C26-950B-8A5F1CD3F7E5}.Debug|Any CPU.ActiveCfg = Debug|Any CPU
		{962CE717-511B-4C26-950B-8A5F1CD3F7E5}.Debug|Any CPU.Build.0 = Debug|Any CPU
		{962CE717-511B-4C26-950B-8A5F1CD3F7E5}.Debug|x64.ActiveCfg = Debug|x64
		{962CE717-511B-4C26-950B-8A5F1CD3F7E5}.Debug|x64.Build.0 = Debug|x64
		{962CE717-511B-4C26-950B-8A5F1CD3F7E5}.Debug|x86.ActiveCfg = Debug|x86
		{962CE717-511B-4C26-950B-8A5F1CD3F7E5}.Debug|x86.Build.0 = Debug|x86
		{962CE717-511B-4C26-950B-8A5F1CD3F7E5}.Release|Any CPU.ActiveCfg = Release|Any CPU
		{962CE717-511B-4C26-950B-8A5F1CD3F7E5}.Release|Any CPU.Build.0 = Release|Any CPU
		{962CE717-511B-4C26-950B-8A5F1CD3F7E5}.Release|x64.ActiveCfg = Release|x64
		{962CE717-511B-4C26-950B-8A5F1CD3F7E5}.Release|x64.Build.0 = Release|x64
		{962CE717-511B-4C26-950B-8A5F1CD3F7E5}.Release|x86.ActiveCfg = Release|x86
		{962CE717-511B-4C26-950B-8A5F1CD3F7E5}.Release|x86.Build.0 = Release|x86
		{C0N7E4D1-6A6E-4B1F-9C3D-8E5F2A1B4C7D}.Debug|Any CPU.ActiveCfg = Debug|Any CPU
		{C0N7E4D1-6A6E-4B1F-9C3D-8E5F2A1B4C7D}.Debug|Any CPU.Build.0 = Debug|Any CPU
		{C0N7E4D1-6A6E-4B1F-9C3D-8E5F2A1B4C7D}.Debug|x64.ActiveCfg = Debug|x64
		{C0N7E4D1-6A6E-4B1F-9C3D-8E5F2A1B4C7D}.Debug|x64.Build.0 = Debug|x64
		{C0N7E4D1-6A6E-4B1F-9C3D-8E5F2A1B4C7D}.Debug|x86.ActiveCfg = Debug|x86
		{C0N7E4D1-6A6E-4B1F-9C3D-8E5F2A1B4C7D}.Debug|x86.Build.0 = Debug|x86
		{C0N7E4D1-6A6E-4B1F-9C3D-8E5F2A1B4C7D}.Release|Any CPU.ActiveCfg = Release|Any CPU
		{C0N7E4D1-6A6E-4B1F-9C3D-8E5F2A1B4C7D}.Release|Any CPU.Build.0 = Release|Any CPU
		{C0N7E4D1-6A6E-4B1F-9C3D-8E5F2A1B4C7D}.Release|x64.ActiveCfg = Release|x64
		{C0N7E4D1-6A6E-4B1F-9C3D-8E5F2A1B4C7D}.Release|x64.Build.0 = Release|x64
		{C0N7E4D1-6A6E-4B1F-9C3D-8E5F2A1B4C7D}.Release|x86.ActiveCfg = Release|x86
		{C0N7E4D1-6A6E-4B1F-9C3D-8E5F2A1B4C7D}.Release|x86.Build.0 = Release|x86
		{8353829F-A970-48B1-86DA-66B3DB394EED}.Debug|Any CPU.ActiveCfg = Debug|Any CPU
		{8353829F-A970-48B1-86DA-66B3DB394EED}.Debug|Any CPU.Build.0 = Debug|Any CPU
		{8353829F-A970-48B1-86DA-66B3DB394EED}.Debug|x64.ActiveCfg = Debug|x64
		{8353829F-A970-48B1-86DA-66B3DB394EED}.Debug|x64.Build.0 = Debug|x64
		{8353829F-A970-48B1-86DA-66B3DB394EED}.Debug|x86.ActiveCfg = Debug|x86
		{8353829F-A970-48B1-86DA-66B3DB394EED}.Debug|x86.Build.0 = Debug|x86
		{8353829F-A970-48B1-86DA-66B3DB394EED}.Release|Any CPU.ActiveCfg = Release|Any CPU
		{8353829F-A970-48B1-86DA-66B3DB394EED}.Release|Any CPU.Build.0 = Release|Any CPU
		{8353829F-A970-48B1-86DA-66B3DB394EED}.Release|x64.ActiveCfg = Release|x64
		{8353829F-A970-48B1-86DA-66B3DB394EED}.Release|x64.Build.0 = Release|x64
		{8353829F-A970-48B1-86DA-66B3DB394EED}.Release|x86.ActiveCfg = Release|x86
		{8353829F-A970-48B1-86DA-66B3DB394EED}.Release|x86.Build.0 = Release|x86
		{9E67DB64-DFD0-4DCF-9AC5-2EA241DCBCE9}.Debug|Any CPU.ActiveCfg = Debug|Any CPU
		{9E67DB64-DFD0-4DCF-9AC5-2EA241DCBCE9}.Debug|Any CPU.Build.0 = Debug|Any CPU
		{9E67DB64-DFD0-4DCF-9AC5-2EA241DCBCE9}.Debug|x64.ActiveCfg = Debug|x64
		{9E67DB64-DFD0-4DCF-9AC5-2EA241DCBCE9}.Debug|x64.Build.0 = Debug|x64
		{9E67DB64-DFD0-4DCF-9AC5-2EA241DCBCE9}.Debug|x86.ActiveCfg = Debug|x86
		{9E67DB64-DFD0-4DCF-9AC5-2EA241DCBCE9}.Debug|x86.Build.0 = Debug|x86
		{9E67DB64-DFD0-4DCF-9AC5-2EA241DCBCE9}.Release|Any CPU.ActiveCfg = Release|Any CPU
		{9E67DB64-DFD0-4DCF-9AC5-2EA241DCBCE9}.Release|Any CPU.Build.0 = Release|Any CPU
		{9E67DB64-DFD0-4DCF-9AC5-2EA241DCBCE9}.Release|x64.ActiveCfg = Release|x64
		{9E67DB64-DFD0-4DCF-9AC5-2EA241DCBCE9}.Release|x64.Build.0 = Release|x64
		{9E67DB64-DFD0-4DCF-9AC5-2EA241DCBCE9}.Release|x86.ActiveCfg = Release|x86
		{9E67DB64-DFD0-4DCF-9AC5-2EA241DCBCE9}.Release|x86.Build.0 = Release|x86
		{638EFD3F-8EBD-4573-9E47-367727F4F573}.Debug|Any CPU.ActiveCfg = Debug|Any CPU
		{638EFD3F-8EBD-4573-9E47-367727F4F573}.Debug|Any CPU.Build.0 = Debug|Any CPU
		{638EFD3F-8EBD-4573-9E47-367727F4F573}.Debug|x64.ActiveCfg = Debug|x64
		{638EFD3F-8EBD-4573-9E47-367727F4F573}.Debug|x64.Build.0 = Debug|x64
		{638EFD3F-8EBD-4573-9E47-367727F4F573}.Debug|x86.ActiveCfg = Debug|x86
		{638EFD3F-8EBD-4573-9E47-367727F4F573}.Debug|x86.Build.0 = Debug|x86
		{638EFD3F-8EBD-4573-9E47-367727F4F573}.Release|Any CPU.ActiveCfg = Release|Any CPU
		{638EFD3F-8EBD-4573-9E47-367727F4F573}.Release|Any CPU.Build.0 = Release|Any CPU
		{638EFD3F-8EBD-4573-9E47-367727F4F573}.Release|x64.ActiveCfg = Release|x64
		{638EFD3F-8EBD-4573-9E47-367727F4F573}.Release|x64.Build.0 = Release|x64
		{638EFD3F-8EBD-4573-9E47-367727F4F573}.Release|x86.ActiveCfg = Release|x86
		{638EFD3F-8EBD-4573-9E47-367727F4F573}.Release|x86.Build.0 = Release|x86
		{8A57E791-C65B-45A3-9CC5-78A677047A9B}.Debug|Any CPU.ActiveCfg = Debug|Any CPU
		{8A57E791-C65B-45A3-9CC5-78A677047A9B}.Debug|Any CPU.Build.0 = Debug|Any CPU
		{8A57E791-C65B-45A3-9CC5-78A677047A9B}.Debug|x64.ActiveCfg = Debug|x64
		{8A57E791-C65B-45A3-9CC5-78A677047A9B}.Debug|x64.Build.0 = Debug|x64
		{8A57E791-C65B-45A3-9CC5-78A677047A9B}.Debug|x86.ActiveCfg = Debug|x86
		{8A57E791-C65B-45A3-9CC5-78A677047A9B}.Debug|x86.Build.0 = Debug|x86
		{8A57E791-C65B-45A3-9CC5-78A677047A9B}.Release|Any CPU.ActiveCfg = Release|Any CPU
		{8A57E791-C65B-45A3-9CC5-78A677047A9B}.Release|Any CPU.Build.0 = Release|Any CPU
		{8A57E791-C65B-45A3-9CC5-78A677047A9B}.Release|x64.ActiveCfg = Release|x64
		{8A57E791-C65B-45A3-9CC5-78A677047A9B}.Release|x64.Build.0 = Release|x64
		{8A57E791-C65B-45A3-9CC5-78A677047A9B}.Release|x86.ActiveCfg = Release|x86
		{8A57E791-C65B-45A3-9CC5-78A677047A9B}.Release|x86.Build.0 = Release|x86
		{6A59689C-E4B9-4F0D-B9C0-2F0BDCC21426}.Debug|Any CPU.ActiveCfg = Debug|Any CPU
		{6A59689C-E4B9-4F0D-B9C0-2F0BDCC21426}.Debug|Any CPU.Build.0 = Debug|Any CPU
		{6A59689C-E4B9-4F0D-B9C0-2F0BDCC21426}.Debug|x64.ActiveCfg = Debug|x64
		{6A59689C-E4B9-4F0D-B9C0-2F0BDCC21426}.Debug|x64.Build.0 = Debug|x64
		{6A59689C-E4B9-4F0D-B9C0-2F0BDCC21426}.Debug|x86.ActiveCfg = Debug|x86
		{6A59689C-E4B9-4F0D-B9C0-2F0BDCC21426}.Debug|x86.Build.0 = Debug|x86
		{6A59689C-E4B9-4F0D-B9C0-2F0BDCC21426}.Release|Any CPU.ActiveCfg = Release|Any CPU
		{6A59689C-E4B9-4F0D-B9C0-2F0BDCC21426}.Release|Any CPU.Build.0 = Release|Any CPU
		{6A59689C-E4B9-4F0D-B9C0-2F0BDCC21426}.Release|x64.ActiveCfg = Release|x64
		{6A59689C-E4B9-4F0D-B9C0-2F0BDCC21426}.Release|x64.Build.0 = Release|x64
		{6A59689C-E4B9-4F0D-B9C0-2F0BDCC21426}.Release|x86.ActiveCfg = Release|x86
		{6A59689C-E4B9-4F0D-B9C0-2F0BDCC21426}.Release|x86.Build.0 = Release|x86
		{4F007743-3FE1-4EFF-9065-0192EE37B244}.Debug|Any CPU.ActiveCfg = Debug|Any CPU
		{4F007743-3FE1-4EFF-9065-0192EE37B244}.Debug|Any CPU.Build.0 = Debug|Any CPU
		{4F007743-3FE1-4EFF-9065-0192EE37B244}.Debug|x64.ActiveCfg = Debug|x64
		{4F007743-3FE1-4EFF-9065-0192EE37B244}.Debug|x64.Build.0 = Debug|x64
		{4F007743-3FE1-4EFF-9065-0192EE37B244}.Debug|x86.ActiveCfg = Debug|x86
		{4F007743-3FE1-4EFF-9065-0192EE37B244}.Debug|x86.Build.0 = Debug|x86
		{4F007743-3FE1-4EFF-9065-0192EE37B244}.Release|Any CPU.ActiveCfg = Release|Any CPU
		{4F007743-3FE1-4EFF-9065-0192EE37B244}.Release|Any CPU.Build.0 = Release|Any CPU
		{4F007743-3FE1-4EFF-9065-0192EE37B244}.Release|x64.ActiveCfg = Release|x64
		{4F007743-3FE1-4EFF-9065-0192EE37B244}.Release|x64.Build.0 = Release|x64
		{4F007743-3FE1-4EFF-9065-0192EE37B244}.Release|x86.ActiveCfg = Release|x86
		{4F007743-3FE1-4EFF-9065-0192EE37B244}.Release|x86.Build.0 = Release|x86
		{8BF4EB08-A73D-47AE-8DB9-EC460F1E978C}.Debug|Any CPU.ActiveCfg = Debug|Any CPU
		{8BF4EB08-A73D-47AE-8DB9-EC460F1E978C}.Debug|Any CPU.Build.0 = Debug|Any CPU
		{8BF4EB08-A73D-47AE-8DB9-EC460F1E978C}.Debug|x64.ActiveCfg = Debug|x64
		{8BF4EB08-A73D-47AE-8DB9-EC460F1E978C}.Debug|x64.Build.0 = Debug|x64
		{8BF4EB08-A73D-47AE-8DB9-EC460F1E978C}.Debug|x86.ActiveCfg = Debug|x86
		{8BF4EB08-A73D-47AE-8DB9-EC460F1E978C}.Debug|x86.Build.0 = Debug|x86
		{8BF4EB08-A73D-47AE-8DB9-EC460F1E978C}.Release|Any CPU.ActiveCfg = Release|Any CPU
		{8BF4EB08-A73D-47AE-8DB9-EC460F1E978C}.Release|Any CPU.Build.0 = Release|Any CPU
		{8BF4EB08-A73D-47AE-8DB9-EC460F1E978C}.Release|x64.ActiveCfg = Release|x64
		{8BF4EB08-A73D-47AE-8DB9-EC460F1E978C}.Release|x64.Build.0 = Release|x64
		{8BF4EB08-A73D-47AE-8DB9-EC460F1E978C}.Release|x86.ActiveCfg = Release|x86
		{8BF4EB08-A73D-47AE-8DB9-EC460F1E978C}.Release|x86.Build.0 = Release|x86
		{B71E8C3A-5F02-4D91-9A1B-3E4D5C6F7A8B}.Debug|Any CPU.ActiveCfg = Debug|Any CPU
		{B71E8C3A-5F02-4D91-9A1B-3E4D5C6F7A8B}.Debug|Any CPU.Build.0 = Debug|Any CPU
		{B71E8C3A-5F02-4D91-9A1B-3E4D5C6F7A8B}.Debug|x64.ActiveCfg = Debug|x64
		{B71E8C3A-5F02-4D91-9A1B-3E4D5C6F7A8B}.Debug|x64.Build.0 = Debug|x64
		{B71E8C3A-5F02-4D91-9A1B-3E4D5C6F7A8B}.Debug|x86.ActiveCfg = Debug|x86
		{B71E8C3A-5F02-4D91-9A1B-3E4D5C6F7A8B}.Debug|x86.Build.0 = Debug|x86
		{B71E8C3A-5F02-4D91-9A1B-3E4D5C6F7A8B}.Release|Any CPU.ActiveCfg = Release|Any CPU
		{B71E8C3A-5F02-4D91-9A1B-3E4D5C6F7A8B}.Release|Any CPU.Build.0 = Release|Any CPU
		{B71E8C3A-5F02-4D91-9A1B-3E4D5C6F7A8B}.Release|x64.ActiveCfg = Release|x64
		{B71E8C3A-5F02-4D91-9A1B-3E4D5C6F7A8B}.Release|x64.Build.0 = Release|x64
		{B71E8C3A-5F02-4D91-9A1B-3E4D5C6F7A8B}.Release|x86.ActiveCfg = Release|x86
		{B71E8C3A-5F02-4D91-9A1B-3E4D5C6F7A8B}.Release|x86.Build.0 = Release|x86
		{2C43080F-A825-49BF-88DC-1DC2FB61D364}.Debug|Any CPU.ActiveCfg = Debug|Any CPU
		{2C43080F-A825-49BF-88DC-1DC2FB61D364}.Debug|Any CPU.Build.0 = Debug|Any CPU
		{2C43080F-A825-49BF-88DC-1DC2FB61D364}.Debug|x64.ActiveCfg = Debug|x64
		{2C43080F-A825-49BF-88DC-1DC2FB61D364}.Debug|x64.Build.0 = Debug|x64
		{2C43080F-A825-49BF-88DC-1DC2FB61D364}.Debug|x86.ActiveCfg = Debug|x86
		{2C43080F-A825-49BF-88DC-1DC2FB61D364}.Debug|x86.Build.0 = Debug|x86
		{2C43080F-A825-49BF-88DC-1DC2FB61D364}.Release|Any CPU.ActiveCfg = Release|Any CPU
		{2C43080F-A825-49BF-88DC-1DC2FB61D364}.Release|Any CPU.Build.0 = Release|Any CPU
		{2C43080F-A825-49BF-88DC-1DC2FB61D364}.Release|x64.ActiveCfg = Release|x64
		{2C43080F-A825-49BF-88DC-1DC2FB61D364}.Release|x64.Build.0 = Release|x64
		{2C43080F-A825-49BF-88DC-1DC2FB61D364}.Release|x86.ActiveCfg = Release|x86
		{2C43080F-A825-49BF-88DC-1DC2FB61D364}.Release|x86.Build.0 = Release|x86
		{ADF7E546-4BAC-4D42-9770-588CDC5F1A16}.Debug|Any CPU.ActiveCfg = Debug|Any CPU
		{ADF7E546-4BAC-4D42-9770-588CDC5F1A16}.Debug|Any CPU.Build.0 = Debug|Any CPU
		{ADF7E546-4BAC-4D42-9770-588CDC5F1A16}.Debug|x64.ActiveCfg = Debug|x64
		{ADF7E546-4BAC-4D42-9770-588CDC5F1A16}.Debug|x64.Build.0 = Debug|x64
		{ADF7E546-4BAC-4D42-9770-588CDC5F1A16}.Debug|x86.ActiveCfg = Debug|x86
		{ADF7E546-4BAC-4D42-9770-588CDC5F1A16}.Debug|x86.Build.0 = Debug|x86
		{ADF7E546-4BAC-4D42-9770-588CDC5F1A16}.Release|Any CPU.ActiveCfg = Release|Any CPU
		{ADF7E546-4BAC-4D42-9770-588CDC5F1A16}.Release|Any CPU.Build.0 = Release|Any CPU
		{ADF7E546-4BAC-4D42-9770-588CDC5F1A16}.Release|x64.ActiveCfg = Release|x64
		{ADF7E546-4BAC-4D42-9770-588CDC5F1A16}.Release|x64.Build.0 = Release|x64
		{ADF7E546-4BAC-4D42-9770-588CDC5F1A16}.Release|x86.ActiveCfg = Release|x86
		{ADF7E546-4BAC-4D42-9770-588CDC5F1A16}.Release|x86.Build.0 = Release|x86
		{421EB120-C407-4720-969A-26181A930A25}.Debug|Any CPU.ActiveCfg = Debug|Any CPU
		{421EB120-C407-4720-969A-26181A930A25}.Debug|Any CPU.Build.0 = Debug|Any CPU
		{421EB120-C407-4720-969A-26181A930A25}.Debug|x64.ActiveCfg = Debug|x64
		{421EB120-C407-4720-969A-26181A930A25}.Debug|x64.Build.0 = Debug|x64
		{421EB120-C407-4720-969A-26181A930A25}.Debug|x86.ActiveCfg = Debug|x86
		{421EB120-C407-4720-969A-26181A930A25}.Debug|x86.Build.0 = Debug|x86
		{421EB120-C407-4720-969A-26181A930A25}.Release|Any CPU.ActiveCfg = Release|Any CPU
		{421EB120-C407-4720-969A-26181A930A25}.Release|Any CPU.Build.0 = Release|Any CPU
		{421EB120-C407-4720-969A-26181A930A25}.Release|x64.ActiveCfg = Release|x64
		{421EB120-C407-4720-969A-26181A930A25}.Release|x64.Build.0 = Release|x64
		{421EB120-C407-4720-969A-26181A930A25}.Release|x86.ActiveCfg = Release|x86
		{421EB120-C407-4720-969A-26181A930A25}.Release|x86.Build.0 = Release|x86
		{0AB0B5A5-318F-4E3B-A491-9659B715021D}.Debug|Any CPU.ActiveCfg = Debug|Any CPU
		{0AB0B5A5-318F-4E3B-A491-9659B715021D}.Debug|Any CPU.Build.0 = Debug|Any CPU
		{0AB0B5A5-318F-4E3B-A491-9659B715021D}.Debug|x64.ActiveCfg = Debug|x64
		{0AB0B5A5-318F-4E3B-A491-9659B715021D}.Debug|x64.Build.0 = Debug|x64
		{0AB0B5A5-318F-4E3B-A491-9659B715021D}.Debug|x86.ActiveCfg = Debug|x86
		{0AB0B5A5-318F-4E3B-A491-9659B715021D}.Debug|x86.Build.0 = Debug|x86
		{0AB0B5A5-318F-4E3B-A491-9659B715021D}.Release|Any CPU.ActiveCfg = Release|Any CPU
		{0AB0B5A5-318F-4E3B-A491-9659B715021D}.Release|Any CPU.Build.0 = Release|Any CPU
		{0AB0B5A5-318F-4E3B-A491-9659B715021D}.Release|x64.ActiveCfg = Release|x64
		{0AB0B5A5-318F-4E3B-A491-9659B715021D}.Release|x64.Build.0 = Release|x64
		{0AB0B5A5-318F-4E3B-A491-9659B715021D}.Release|x86.ActiveCfg = Release|x86
		{0AB0B5A5-318F-4E3B-A491-9659B715021D}.Release|x86.Build.0 = Release|x86
		{93A8B374-73AC-41FC-80BC-15222A1D19A2}.Debug|Any CPU.ActiveCfg = Debug|Any CPU
		{93A8B374-73AC-41FC-80BC-15222A1D19A2}.Debug|Any CPU.Build.0 = Debug|Any CPU
		{93A8B374-73AC-41FC-80BC-15222A1D19A2}.Debug|x64.ActiveCfg = Debug|x64
		{93A8B374-73AC-41FC-80BC-15222A1D19A2}.Debug|x64.Build.0 = Debug|x64
		{93A8B374-73AC-41FC-80BC-15222A1D19A2}.Debug|x86.ActiveCfg = Debug|x86
		{93A8B374-73AC-41FC-80BC-15222A1D19A2}.Debug|x86.Build.0 = Debug|x86
		{93A8B374-73AC-41FC-80BC-15222A1D19A2}.Release|Any CPU.ActiveCfg = Release|Any CPU
		{93A8B374-73AC-41FC-80BC-15222A1D19A2}.Release|Any CPU.Build.0 = Release|Any CPU
		{93A8B374-73AC-41FC-80BC-15222A1D19A2}.Release|x64.ActiveCfg = Release|x64
		{93A8B374-73AC-41FC-80BC-15222A1D19A2}.Release|x64.Build.0 = Release|x64
		{93A8B374-73AC-41FC-80BC-15222A1D19A2}.Release|x86.ActiveCfg = Release|x86
		{93A8B374-73AC-41FC-80BC-15222A1D19A2}.Release|x86.Build.0 = Release|x86
		{C0D27529-D0A3-49D9-BBAA-701A940B24FE}.Debug|Any CPU.ActiveCfg = Debug|Any CPU
		{C0D27529-D0A3-49D9-BBAA-701A940B24FE}.Debug|Any CPU.Build.0 = Debug|Any CPU
		{C0D27529-D0A3-49D9-BBAA-701A940B24FE}.Debug|x64.ActiveCfg = Debug|x64
		{C0D27529-D0A3-49D9-BBAA-701A940B24FE}.Debug|x64.Build.0 = Debug|x64
		{C0D27529-D0A3-49D9-BBAA-701A940B24FE}.Debug|x86.ActiveCfg = Debug|x86
		{C0D27529-D0A3-49D9-BBAA-701A940B24FE}.Debug|x86.Build.0 = Debug|x86
		{C0D27529-D0A3-49D9-BBAA-701A940B24FE}.Release|Any CPU.ActiveCfg = Release|Any CPU
		{C0D27529-D0A3-49D9-BBAA-701A940B24FE}.Release|Any CPU.Build.0 = Release|Any CPU
		{C0D27529-D0A3-49D9-BBAA-701A940B24FE}.Release|x64.ActiveCfg = Release|x64
		{C0D27529-D0A3-49D9-BBAA-701A940B24FE}.Release|x64.Build.0 = Release|x64
		{C0D27529-D0A3-49D9-BBAA-701A940B24FE}.Release|x86.ActiveCfg = Release|x86
		{C0D27529-D0A3-49D9-BBAA-701A940B24FE}.Release|x86.Build.0 = Release|x86
		{111724D9-CB3E-44A0-B5A5-9C6D451E85F0}.Debug|Any CPU.ActiveCfg = Debug|Any CPU
		{111724D9-CB3E-44A0-B5A5-9C6D451E85F0}.Debug|Any CPU.Build.0 = Debug|Any CPU
		{111724D9-CB3E-44A0-B5A5-9C6D451E85F0}.Debug|x64.ActiveCfg = Debug|x64
		{111724D9-CB3E-44A0-B5A5-9C6D451E85F0}.Debug|x64.Build.0 = Debug|x64
		{111724D9-CB3E-44A0-B5A5-9C6D451E85F0}.Debug|x86.ActiveCfg = Debug|x86
		{111724D9-CB3E-44A0-B5A5-9C6D451E85F0}.Debug|x86.Build.0 = Debug|x86
		{111724D9-CB3E-44A0-B5A5-9C6D451E85F0}.Release|Any CPU.ActiveCfg = Release|Any CPU
		{111724D9-CB3E-44A0-B5A5-9C6D451E85F0}.Release|Any CPU.Build.0 = Release|Any CPU
		{111724D9-CB3E-44A0-B5A5-9C6D451E85F0}.Release|x64.ActiveCfg = Release|x64
		{111724D9-CB3E-44A0-B5A5-9C6D451E85F0}.Release|x64.Build.0 = Release|x64
		{111724D9-CB3E-44A0-B5A5-9C6D451E85F0}.Release|x86.ActiveCfg = Release|x86
		{111724D9-CB3E-44A0-B5A5-9C6D451E85F0}.Release|x86.Build.0 = Release|x86
		{99995331-9467-40D9-AACB-78CEC57336E9}.Debug|Any CPU.ActiveCfg = Debug|Any CPU
		{99995331-9467-40D9-AACB-78CEC57336E9}.Debug|Any CPU.Build.0 = Debug|Any CPU
		{99995331-9467-40D9-AACB-78CEC57336E9}.Debug|x64.ActiveCfg = Debug|x64
		{99995331-9467-40D9-AACB-78CEC57336E9}.Debug|x64.Build.0 = Debug|x64
		{99995331-9467-40D9-AACB-78CEC57336E9}.Debug|x86.ActiveCfg = Debug|x86
		{99995331-9467-40D9-AACB-78CEC57336E9}.Debug|x86.Build.0 = Debug|x86
		{99995331-9467-40D9-AACB-78CEC57336E9}.Release|Any CPU.ActiveCfg = Release|Any CPU
		{99995331-9467-40D9-AACB-78CEC57336E9}.Release|Any CPU.Build.0 = Release|Any CPU
		{99995331-9467-40D9-AACB-78CEC57336E9}.Release|x64.ActiveCfg = Release|x64
		{99995331-9467-40D9-AACB-78CEC57336E9}.Release|x64.Build.0 = Release|x64
		{99995331-9467-40D9-AACB-78CEC57336E9}.Release|x86.ActiveCfg = Release|x86
		{99995331-9467-40D9-AACB-78CEC57336E9}.Release|x86.Build.0 = Release|x86
		{E2363A8E-8A17-4A8C-AC4A-BFC527F41FF1}.Debug|Any CPU.ActiveCfg = Debug|Any CPU
		{E2363A8E-8A17-4A8C-AC4A-BFC527F41FF1}.Debug|Any CPU.Build.0 = Debug|Any CPU
		{E2363A8E-8A17-4A8C-AC4A-BFC527F41FF1}.Debug|x64.ActiveCfg = Debug|x64
		{E2363A8E-8A17-4A8C-AC4A-BFC527F41FF1}.Debug|x64.Build.0 = Debug|x64
		{E2363A8E-8A17-4A8C-AC4A-BFC527F41FF1}.Debug|x86.ActiveCfg = Debug|x86
		{E2363A8E-8A17-4A8C-AC4A-BFC527F41FF1}.Debug|x86.Build.0 = Debug|x86
		{E2363A8E-8A17-4A8C-AC4A-BFC527F41FF1}.Release|Any CPU.ActiveCfg = Release|Any CPU
		{E2363A8E-8A17-4A8C-AC4A-BFC527F41FF1}.Release|Any CPU.Build.0 = Release|Any CPU
		{E2363A8E-8A17-4A8C-AC4A-BFC527F41FF1}.Release|x64.ActiveCfg = Release|x64
		{E2363A8E-8A17-4A8C-AC4A-BFC527F41FF1}.Release|x64.Build.0 = Release|x64
		{E2363A8E-8A17-4A8C-AC4A-BFC527F41FF1}.Release|x86.ActiveCfg = Release|x86
		{E2363A8E-8A17-4A8C-AC4A-BFC527F41FF1}.Release|x86.Build.0 = Release|x86
		{D393CB48-0A88-4F6C-A771-32D48C59FA86}.Debug|Any CPU.ActiveCfg = Debug|Any CPU
		{D393CB48-0A88-4F6C-A771-32D48C59FA86}.Debug|Any CPU.Build.0 = Debug|Any CPU
		{D393CB48-0A88-4F6C-A771-32D48C59FA86}.Debug|x64.ActiveCfg = Debug|x64
		{D393CB48-0A88-4F6C-A771-32D48C59FA86}.Debug|x64.Build.0 = Debug|x64
		{D393CB48-0A88-4F6C-A771-32D48C59FA86}.Debug|x86.ActiveCfg = Debug|x86
		{D393CB48-0A88-4F6C-A771-32D48C59FA86}.Debug|x86.Build.0 = Debug|x86
		{D393CB48-0A88-4F6C-A771-32D48C59FA86}.Release|Any CPU.ActiveCfg = Release|Any CPU
		{D393CB48-0A88-4F6C-A771-32D48C59FA86}.Release|Any CPU.Build.0 = Release|Any CPU
		{D393CB48-0A88-4F6C-A771-32D48C59FA86}.Release|x64.ActiveCfg = Release|x64
		{D393CB48-0A88-4F6C-A771-32D48C59FA86}.Release|x64.Build.0 = Release|x64
		{D393CB48-0A88-4F6C-A771-32D48C59FA86}.Release|x86.ActiveCfg = Release|x86
		{D393CB48-0A88-4F6C-A771-32D48C59FA86}.Release|x86.Build.0 = Release|x86
		{A84250CA-D6A9-44F8-978D-FA18FA78A196}.Debug|Any CPU.ActiveCfg = Debug|Any CPU
		{A84250CA-D6A9-44F8-978D-FA18FA78A196}.Debug|Any CPU.Build.0 = Debug|Any CPU
		{A84250CA-D6A9-44F8-978D-FA18FA78A196}.Debug|x64.ActiveCfg = Debug|x64
		{A84250CA-D6A9-44F8-978D-FA18FA78A196}.Debug|x64.Build.0 = Debug|x64
		{A84250CA-D6A9-44F8-978D-FA18FA78A196}.Debug|x86.ActiveCfg = Debug|x86
		{A84250CA-D6A9-44F8-978D-FA18FA78A196}.Debug|x86.Build.0 = Debug|x86
		{A84250CA-D6A9-44F8-978D-FA18FA78A196}.Release|Any CPU.ActiveCfg = Release|Any CPU
		{A84250CA-D6A9-44F8-978D-FA18FA78A196}.Release|Any CPU.Build.0 = Release|Any CPU
		{A84250CA-D6A9-44F8-978D-FA18FA78A196}.Release|x64.ActiveCfg = Release|x64
		{A84250CA-D6A9-44F8-978D-FA18FA78A196}.Release|x64.Build.0 = Release|x64
		{A84250CA-D6A9-44F8-978D-FA18FA78A196}.Release|x86.ActiveCfg = Release|x86
		{A84250CA-D6A9-44F8-978D-FA18FA78A196}.Release|x86.Build.0 = Release|x86
		{5CB6FD0E-09B1-4C4B-9B33-7BF80B602EFB}.Debug|Any CPU.ActiveCfg = Debug|Any CPU
		{5CB6FD0E-09B1-4C4B-9B33-7BF80B602EFB}.Debug|Any CPU.Build.0 = Debug|Any CPU
		{5CB6FD0E-09B1-4C4B-9B33-7BF80B602EFB}.Debug|x64.ActiveCfg = Debug|x64
		{5CB6FD0E-09B1-4C4B-9B33-7BF80B602EFB}.Debug|x64.Build.0 = Debug|x64
		{5CB6FD0E-09B1-4C4B-9B33-7BF80B602EFB}.Debug|x86.ActiveCfg = Debug|x86
		{5CB6FD0E-09B1-4C4B-9B33-7BF80B602EFB}.Debug|x86.Build.0 = Debug|x86
		{5CB6FD0E-09B1-4C4B-9B33-7BF80B602EFB}.Release|Any CPU.ActiveCfg = Release|Any CPU
		{5CB6FD0E-09B1-4C4B-9B33-7BF80B602EFB}.Release|Any CPU.Build.0 = Release|Any CPU
		{5CB6FD0E-09B1-4C4B-9B33-7BF80B602EFB}.Release|x64.ActiveCfg = Release|x64
		{5CB6FD0E-09B1-4C4B-9B33-7BF80B602EFB}.Release|x64.Build.0 = Release|x64
		{5CB6FD0E-09B1-4C4B-9B33-7BF80B602EFB}.Release|x86.ActiveCfg = Release|x86
		{5CB6FD0E-09B1-4C4B-9B33-7BF80B602EFB}.Release|x86.Build.0 = Release|x86
		{258F6CEA-99D0-46F7-BB56-5AA6AE7D9220}.Debug|Any CPU.ActiveCfg = Debug|Any CPU
		{258F6CEA-99D0-46F7-BB56-5AA6AE7D9220}.Debug|Any CPU.Build.0 = Debug|Any CPU
		{258F6CEA-99D0-46F7-BB56-5AA6AE7D9220}.Debug|x64.ActiveCfg = Debug|x64
		{258F6CEA-99D0-46F7-BB56-5AA6AE7D9220}.Debug|x64.Build.0 = Debug|x64
		{258F6CEA-99D0-46F7-BB56-5AA6AE7D9220}.Debug|x86.ActiveCfg = Debug|x86
		{258F6CEA-99D0-46F7-BB56-5AA6AE7D9220}.Debug|x86.Build.0 = Debug|x86
		{258F6CEA-99D0-46F7-BB56-5AA6AE7D9220}.Release|Any CPU.ActiveCfg = Release|Any CPU
		{258F6CEA-99D0-46F7-BB56-5AA6AE7D9220}.Release|Any CPU.Build.0 = Release|Any CPU
		{258F6CEA-99D0-46F7-BB56-5AA6AE7D9220}.Release|x64.ActiveCfg = Release|x64
		{258F6CEA-99D0-46F7-BB56-5AA6AE7D9220}.Release|x64.Build.0 = Release|x64
		{258F6CEA-99D0-46F7-BB56-5AA6AE7D9220}.Release|x86.ActiveCfg = Release|x86
		{258F6CEA-99D0-46F7-BB56-5AA6AE7D9220}.Release|x86.Build.0 = Release|x86
		{3C51A505-5358-4C7D-860F-3CDBE9AFD029}.Debug|Any CPU.ActiveCfg = Debug|Any CPU
		{3C51A505-5358-4C7D-860F-3CDBE9AFD029}.Debug|Any CPU.Build.0 = Debug|Any CPU
		{3C51A505-5358-4C7D-860F-3CDBE9AFD029}.Debug|x64.ActiveCfg = Debug|x64
		{3C51A505-5358-4C7D-860F-3CDBE9AFD029}.Debug|x64.Build.0 = Debug|x64
		{3C51A505-5358-4C7D-860F-3CDBE9AFD029}.Debug|x86.ActiveCfg = Debug|x86
		{3C51A505-5358-4C7D-860F-3CDBE9AFD029}.Debug|x86.Build.0 = Debug|x86
		{3C51A505-5358-4C7D-860F-3CDBE9AFD029}.Release|Any CPU.ActiveCfg = Release|Any CPU
		{3C51A505-5358-4C7D-860F-3CDBE9AFD029}.Release|Any CPU.Build.0 = Release|Any CPU
		{3C51A505-5358-4C7D-860F-3CDBE9AFD029}.Release|x64.ActiveCfg = Release|x64
		{3C51A505-5358-4C7D-860F-3CDBE9AFD029}.Release|x64.Build.0 = Release|x64
		{3C51A505-5358-4C7D-860F-3CDBE9AFD029}.Release|x86.ActiveCfg = Release|x86
		{3C51A505-5358-4C7D-860F-3CDBE9AFD029}.Release|x86.Build.0 = Release|x86
		{510269CF-15D7-4396-8C7B-FB04F0702FB2}.Debug|Any CPU.ActiveCfg = Debug|Any CPU
		{510269CF-15D7-4396-8C7B-FB04F0702FB2}.Debug|Any CPU.Build.0 = Debug|Any CPU
		{510269CF-15D7-4396-8C7B-FB04F0702FB2}.Debug|x64.ActiveCfg = Debug|x64
		{510269CF-15D7-4396-8C7B-FB04F0702FB2}.Debug|x64.Build.0 = Debug|x64
		{510269CF-15D7-4396-8C7B-FB04F0702FB2}.Debug|x86.ActiveCfg = Debug|x86
		{510269CF-15D7-4396-8C7B-FB04F0702FB2}.Debug|x86.Build.0 = Debug|x86
		{510269CF-15D7-4396-8C7B-FB04F0702FB2}.Release|Any CPU.ActiveCfg = Release|Any CPU
		{510269CF-15D7-4396-8C7B-FB04F0702FB2}.Release|Any CPU.Build.0 = Release|Any CPU
		{510269CF-15D7-4396-8C7B-FB04F0702FB2}.Release|x64.ActiveCfg = Release|x64
		{510269CF-15D7-4396-8C7B-FB04F0702FB2}.Release|x64.Build.0 = Release|x64
		{510269CF-15D7-4396-8C7B-FB04F0702FB2}.Release|x86.ActiveCfg = Release|x86
		{510269CF-15D7-4396-8C7B-FB04F0702FB2}.Release|x86.Build.0 = Release|x86
		{00048866-EF32-4C69-ADF0-49D43E789C03}.Debug|Any CPU.ActiveCfg = Debug|Any CPU
		{00048866-EF32-4C69-ADF0-49D43E789C03}.Debug|Any CPU.Build.0 = Debug|Any CPU
		{00048866-EF32-4C69-ADF0-49D43E789C03}.Debug|x64.ActiveCfg = Debug|x64
		{00048866-EF32-4C69-ADF0-49D43E789C03}.Debug|x64.Build.0 = Debug|x64
		{00048866-EF32-4C69-ADF0-49D43E789C03}.Debug|x86.ActiveCfg = Debug|x86
		{00048866-EF32-4C69-ADF0-49D43E789C03}.Debug|x86.Build.0 = Debug|x86
		{00048866-EF32-4C69-ADF0-49D43E789C03}.Release|Any CPU.ActiveCfg = Release|Any CPU
		{00048866-EF32-4C69-ADF0-49D43E789C03}.Release|Any CPU.Build.0 = Release|Any CPU
		{00048866-EF32-4C69-ADF0-49D43E789C03}.Release|x64.ActiveCfg = Release|x64
		{00048866-EF32-4C69-ADF0-49D43E789C03}.Release|x64.Build.0 = Release|x64
		{00048866-EF32-4C69-ADF0-49D43E789C03}.Release|x86.ActiveCfg = Release|x86
		{00048866-EF32-4C69-ADF0-49D43E789C03}.Release|x86.Build.0 = Release|x86
		{A43401E7-9FF4-4F2D-8F09-0BEF1FA9C8C6}.Debug|Any CPU.ActiveCfg = Debug|Any CPU
		{A43401E7-9FF4-4F2D-8F09-0BEF1FA9C8C6}.Debug|Any CPU.Build.0 = Debug|Any CPU
		{A43401E7-9FF4-4F2D-8F09-0BEF1FA9C8C6}.Debug|x64.ActiveCfg = Debug|x64
		{A43401E7-9FF4-4F2D-8F09-0BEF1FA9C8C6}.Debug|x64.Build.0 = Debug|x64
		{A43401E7-9FF4-4F2D-8F09-0BEF1FA9C8C6}.Debug|x86.ActiveCfg = Debug|x86
		{A43401E7-9FF4-4F2D-8F09-0BEF1FA9C8C6}.Debug|x86.Build.0 = Debug|x86
		{A43401E7-9FF4-4F2D-8F09-0BEF1FA9C8C6}.Release|Any CPU.ActiveCfg = Release|Any CPU
		{A43401E7-9FF4-4F2D-8F09-0BEF1FA9C8C6}.Release|Any CPU.Build.0 = Release|Any CPU
		{A43401E7-9FF4-4F2D-8F09-0BEF1FA9C8C6}.Release|x64.ActiveCfg = Release|x64
		{A43401E7-9FF4-4F2D-8F09-0BEF1FA9C8C6}.Release|x64.Build.0 = Release|x64
		{A43401E7-9FF4-4F2D-8F09-0BEF1FA9C8C6}.Release|x86.ActiveCfg = Release|x86
		{A43401E7-9FF4-4F2D-8F09-0BEF1FA9C8C6}.Release|x86.Build.0 = Release|x86
		{E03F5C05-E4A5-4232-B77A-F869A85D86F0}.Debug|Any CPU.ActiveCfg = Debug|Any CPU
		{E03F5C05-E4A5-4232-B77A-F869A85D86F0}.Debug|Any CPU.Build.0 = Debug|Any CPU
		{E03F5C05-E4A5-4232-B77A-F869A85D86F0}.Debug|x64.ActiveCfg = Debug|x64
		{E03F5C05-E4A5-4232-B77A-F869A85D86F0}.Debug|x64.Build.0 = Debug|x64
		{E03F5C05-E4A5-4232-B77A-F869A85D86F0}.Debug|x86.ActiveCfg = Debug|x86
		{E03F5C05-E4A5-4232-B77A-F869A85D86F0}.Debug|x86.Build.0 = Debug|x86
		{E03F5C05-E4A5-4232-B77A-F869A85D86F0}.Release|Any CPU.ActiveCfg = Release|Any CPU
		{E03F5C05-E4A5-4232-B77A-F869A85D86F0}.Release|Any CPU.Build.0 = Release|Any CPU
		{E03F5C05-E4A5-4232-B77A-F869A85D86F0}.Release|x64.ActiveCfg = Release|x64
		{E03F5C05-E4A5-4232-B77A-F869A85D86F0}.Release|x64.Build.0 = Release|x64
		{E03F5C05-E4A5-4232-B77A-F869A85D86F0}.Release|x86.ActiveCfg = Release|x86
		{E03F5C05-E4A5-4232-B77A-F869A85D86F0}.Release|x86.Build.0 = Release|x86
		{8D1FC514-EC8E-4253-A685-CC9D941EDBE9}.Debug|Any CPU.ActiveCfg = Debug|Any CPU
		{8D1FC514-EC8E-4253-A685-CC9D941EDBE9}.Debug|Any CPU.Build.0 = Debug|Any CPU
		{8D1FC514-EC8E-4253-A685-CC9D941EDBE9}.Debug|x64.ActiveCfg = Debug|x64
		{8D1FC514-EC8E-4253-A685-CC9D941EDBE9}.Debug|x64.Build.0 = Debug|x64
		{8D1FC514-EC8E-4253-A685-CC9D941EDBE9}.Debug|x86.ActiveCfg = Debug|x86
		{8D1FC514-EC8E-4253-A685-CC9D941EDBE9}.Debug|x86.Build.0 = Debug|x86
		{8D1FC514-EC8E-4253-A685-CC9D941EDBE9}.Release|Any CPU.ActiveCfg = Release|Any CPU
		{8D1FC514-EC8E-4253-A685-CC9D941EDBE9}.Release|Any CPU.Build.0 = Release|Any CPU
		{8D1FC514-EC8E-4253-A685-CC9D941EDBE9}.Release|x64.ActiveCfg = Release|x64
		{8D1FC514-EC8E-4253-A685-CC9D941EDBE9}.Release|x64.Build.0 = Release|x64
		{8D1FC514-EC8E-4253-A685-CC9D941EDBE9}.Release|x86.ActiveCfg = Release|x86
		{8D1FC514-EC8E-4253-A685-CC9D941EDBE9}.Release|x86.Build.0 = Release|x86
		{FEBA5C6C-97A7-4526-B5BE-CD83BC8437CB}.Debug|Any CPU.ActiveCfg = Debug|Any CPU
		{FEBA5C6C-97A7-4526-B5BE-CD83BC8437CB}.Debug|Any CPU.Build.0 = Debug|Any CPU
		{FEBA5C6C-97A7-4526-B5BE-CD83BC8437CB}.Debug|x64.ActiveCfg = Debug|x64
		{FEBA5C6C-97A7-4526-B5BE-CD83BC8437CB}.Debug|x64.Build.0 = Debug|x64
		{FEBA5C6C-97A7-4526-B5BE-CD83BC8437CB}.Debug|x86.ActiveCfg = Debug|x86
		{FEBA5C6C-97A7-4526-B5BE-CD83BC8437CB}.Debug|x86.Build.0 = Debug|x86
		{FEBA5C6C-97A7-4526-B5BE-CD83BC8437CB}.Release|Any CPU.ActiveCfg = Release|Any CPU
		{FEBA5C6C-97A7-4526-B5BE-CD83BC8437CB}.Release|Any CPU.Build.0 = Release|Any CPU
		{FEBA5C6C-97A7-4526-B5BE-CD83BC8437CB}.Release|x64.ActiveCfg = Release|x64
		{FEBA5C6C-97A7-4526-B5BE-CD83BC8437CB}.Release|x64.Build.0 = Release|x64
		{FEBA5C6C-97A7-4526-B5BE-CD83BC8437CB}.Release|x86.ActiveCfg = Release|x86
		{FEBA5C6C-97A7-4526-B5BE-CD83BC8437CB}.Release|x86.Build.0 = Release|x86
		{DB80AE0E-609D-454D-B3DA-A8274F14E413}.Debug|Any CPU.ActiveCfg = Debug|Any CPU
		{DB80AE0E-609D-454D-B3DA-A8274F14E413}.Debug|Any CPU.Build.0 = Debug|Any CPU
		{DB80AE0E-609D-454D-B3DA-A8274F14E413}.Debug|x64.ActiveCfg = Debug|x64
		{DB80AE0E-609D-454D-B3DA-A8274F14E413}.Debug|x64.Build.0 = Debug|x64
		{DB80AE0E-609D-454D-B3DA-A8274F14E413}.Debug|x86.ActiveCfg = Debug|x86
		{DB80AE0E-609D-454D-B3DA-A8274F14E413}.Debug|x86.Build.0 = Debug|x86
		{DB80AE0E-609D-454D-B3DA-A8274F14E413}.Release|Any CPU.ActiveCfg = Release|Any CPU
		{DB80AE0E-609D-454D-B3DA-A8274F14E413}.Release|Any CPU.Build.0 = Release|Any CPU
		{DB80AE0E-609D-454D-B3DA-A8274F14E413}.Release|x64.ActiveCfg = Release|x64
		{DB80AE0E-609D-454D-B3DA-A8274F14E413}.Release|x64.Build.0 = Release|x64
		{DB80AE0E-609D-454D-B3DA-A8274F14E413}.Release|x86.ActiveCfg = Release|x86
		{DB80AE0E-609D-454D-B3DA-A8274F14E413}.Release|x86.Build.0 = Release|x86
		{520CB2E1-3145-49A2-B7FF-721E482FBA64}.Debug|Any CPU.ActiveCfg = Debug|Any CPU
		{520CB2E1-3145-49A2-B7FF-721E482FBA64}.Debug|Any CPU.Build.0 = Debug|Any CPU
		{520CB2E1-3145-49A2-B7FF-721E482FBA64}.Debug|x64.ActiveCfg = Debug|x64
		{520CB2E1-3145-49A2-B7FF-721E482FBA64}.Debug|x64.Build.0 = Debug|x64
		{520CB2E1-3145-49A2-B7FF-721E482FBA64}.Debug|x86.ActiveCfg = Debug|x86
		{520CB2E1-3145-49A2-B7FF-721E482FBA64}.Debug|x86.Build.0 = Debug|x86
		{520CB2E1-3145-49A2-B7FF-721E482FBA64}.Release|Any CPU.ActiveCfg = Release|Any CPU
		{520CB2E1-3145-49A2-B7FF-721E482FBA64}.Release|Any CPU.Build.0 = Release|Any CPU
		{520CB2E1-3145-49A2-B7FF-721E482FBA64}.Release|x64.ActiveCfg = Release|x64
		{520CB2E1-3145-49A2-B7FF-721E482FBA64}.Release|x64.Build.0 = Release|x64
		{520CB2E1-3145-49A2-B7FF-721E482FBA64}.Release|x86.ActiveCfg = Release|x86
		{520CB2E1-3145-49A2-B7FF-721E482FBA64}.Release|x86.Build.0 = Release|x86
		{878C0297-8C5F-4E0C-A7E2-33CDC51E8A45}.Debug|Any CPU.ActiveCfg = Debug|Any CPU
		{878C0297-8C5F-4E0C-A7E2-33CDC51E8A45}.Debug|Any CPU.Build.0 = Debug|Any CPU
		{878C0297-8C5F-4E0C-A7E2-33CDC51E8A45}.Debug|x64.ActiveCfg = Debug|x64
		{878C0297-8C5F-4E0C-A7E2-33CDC51E8A45}.Debug|x64.Build.0 = Debug|x64
		{878C0297-8C5F-4E0C-A7E2-33CDC51E8A45}.Debug|x86.ActiveCfg = Debug|x86
		{878C0297-8C5F-4E0C-A7E2-33CDC51E8A45}.Debug|x86.Build.0 = Debug|x86
		{878C0297-8C5F-4E0C-A7E2-33CDC51E8A45}.Release|Any CPU.ActiveCfg = Release|Any CPU
		{878C0297-8C5F-4E0C-A7E2-33CDC51E8A45}.Release|Any CPU.Build.0 = Release|Any CPU
		{878C0297-8C5F-4E0C-A7E2-33CDC51E8A45}.Release|x64.ActiveCfg = Release|x64
		{878C0297-8C5F-4E0C-A7E2-33CDC51E8A45}.Release|x64.Build.0 = Release|x64
		{878C0297-8C5F-4E0C-A7E2-33CDC51E8A45}.Release|x86.ActiveCfg = Release|x86
		{878C0297-8C5F-4E0C-A7E2-33CDC51E8A45}.Release|x86.Build.0 = Release|x86
		{BC8B3939-B202-47B6-B512-D0CD5CFF9276}.Debug|Any CPU.ActiveCfg = Debug|Any CPU
		{BC8B3939-B202-47B6-B512-D0CD5CFF9276}.Debug|Any CPU.Build.0 = Debug|Any CPU
		{BC8B3939-B202-47B6-B512-D0CD5CFF9276}.Debug|x64.ActiveCfg = Debug|x64
		{BC8B3939-B202-47B6-B512-D0CD5CFF9276}.Debug|x64.Build.0 = Debug|x64
		{BC8B3939-B202-47B6-B512-D0CD5CFF9276}.Debug|x86.ActiveCfg = Debug|x86
		{BC8B3939-B202-47B6-B512-D0CD5CFF9276}.Debug|x86.Build.0 = Debug|x86
		{BC8B3939-B202-47B6-B512-D0CD5CFF9276}.Release|Any CPU.ActiveCfg = Release|Any CPU
		{BC8B3939-B202-47B6-B512-D0CD5CFF9276}.Release|Any CPU.Build.0 = Release|Any CPU
		{BC8B3939-B202-47B6-B512-D0CD5CFF9276}.Release|x64.ActiveCfg = Release|x64
		{BC8B3939-B202-47B6-B512-D0CD5CFF9276}.Release|x64.Build.0 = Release|x64
		{BC8B3939-B202-47B6-B512-D0CD5CFF9276}.Release|x86.ActiveCfg = Release|x86
		{BC8B3939-B202-47B6-B512-D0CD5CFF9276}.Release|x86.Build.0 = Release|x86
		{74836513-F269-49D7-9EEA-58AE71C5DF28}.Debug|Any CPU.ActiveCfg = Debug|Any CPU
		{74836513-F269-49D7-9EEA-58AE71C5DF28}.Debug|Any CPU.Build.0 = Debug|Any CPU
		{74836513-F269-49D7-9EEA-58AE71C5DF28}.Debug|x64.ActiveCfg = Debug|x64
		{74836513-F269-49D7-9EEA-58AE71C5DF28}.Debug|x64.Build.0 = Debug|x64
		{74836513-F269-49D7-9EEA-58AE71C5DF28}.Debug|x86.ActiveCfg = Debug|x86
		{74836513-F269-49D7-9EEA-58AE71C5DF28}.Debug|x86.Build.0 = Debug|x86
		{74836513-F269-49D7-9EEA-58AE71C5DF28}.Release|Any CPU.ActiveCfg = Release|Any CPU
		{74836513-F269-49D7-9EEA-58AE71C5DF28}.Release|Any CPU.Build.0 = Release|Any CPU
		{74836513-F269-49D7-9EEA-58AE71C5DF28}.Release|x64.ActiveCfg = Release|x64
		{74836513-F269-49D7-9EEA-58AE71C5DF28}.Release|x64.Build.0 = Release|x64
		{74836513-F269-49D7-9EEA-58AE71C5DF28}.Release|x86.ActiveCfg = Release|x86
		{74836513-F269-49D7-9EEA-58AE71C5DF28}.Release|x86.Build.0 = Release|x86
		{7EC906F0-23C5-4E9A-A3B9-8C27E6CB9CF3}.Debug|Any CPU.ActiveCfg = Debug|Any CPU
		{7EC906F0-23C5-4E9A-A3B9-8C27E6CB9CF3}.Debug|Any CPU.Build.0 = Debug|Any CPU
		{7EC906F0-23C5-4E9A-A3B9-8C27E6CB9CF3}.Debug|x64.ActiveCfg = Debug|x64
		{7EC906F0-23C5-4E9A-A3B9-8C27E6CB9CF3}.Debug|x64.Build.0 = Debug|x64
		{7EC906F0-23C5-4E9A-A3B9-8C27E6CB9CF3}.Debug|x86.ActiveCfg = Debug|x86
		{7EC906F0-23C5-4E9A-A3B9-8C27E6CB9CF3}.Debug|x86.Build.0 = Debug|x86
		{7EC906F0-23C5-4E9A-A3B9-8C27E6CB9CF3}.Release|Any CPU.ActiveCfg = Release|Any CPU
		{7EC906F0-23C5-4E9A-A3B9-8C27E6CB9CF3}.Release|Any CPU.Build.0 = Release|Any CPU
		{7EC906F0-23C5-4E9A-A3B9-8C27E6CB9CF3}.Release|x64.ActiveCfg = Release|x64
		{7EC906F0-23C5-4E9A-A3B9-8C27E6CB9CF3}.Release|x64.Build.0 = Release|x64
		{7EC906F0-23C5-4E9A-A3B9-8C27E6CB9CF3}.Release|x86.ActiveCfg = Release|x86
		{7EC906F0-23C5-4E9A-A3B9-8C27E6CB9CF3}.Release|x86.Build.0 = Release|x86
		{26A6C7B9-FAF6-46C6-97FB-6832EFC1FF79}.Debug|Any CPU.ActiveCfg = Debug|Any CPU
		{26A6C7B9-FAF6-46C6-97FB-6832EFC1FF79}.Debug|Any CPU.Build.0 = Debug|Any CPU
		{26A6C7B9-FAF6-46C6-97FB-6832EFC1FF79}.Debug|x64.ActiveCfg = Debug|x64
		{26A6C7B9-FAF6-46C6-97FB-6832EFC1FF79}.Debug|x64.Build.0 = Debug|x64
		{26A6C7B9-FAF6-46C6-97FB-6832EFC1FF79}.Debug|x86.ActiveCfg = Debug|x86
		{26A6C7B9-FAF6-46C6-97FB-6832EFC1FF79}.Debug|x86.Build.0 = Debug|x86
		{26A6C7B9-FAF6-46C6-97FB-6832EFC1FF79}.Release|Any CPU.ActiveCfg = Release|Any CPU
		{26A6C7B9-FAF6-46C6-97FB-6832EFC1FF79}.Release|Any CPU.Build.0 = Release|Any CPU
		{26A6C7B9-FAF6-46C6-97FB-6832EFC1FF79}.Release|x64.ActiveCfg = Release|x64
		{26A6C7B9-FAF6-46C6-97FB-6832EFC1FF79}.Release|x64.Build.0 = Release|x64
		{26A6C7B9-FAF6-46C6-97FB-6832EFC1FF79}.Release|x86.ActiveCfg = Release|x86
		{26A6C7B9-FAF6-46C6-97FB-6832EFC1FF79}.Release|x86.Build.0 = Release|x86
		{F00321CE-0BF8-458E-A980-9E67208E1B46}.Debug|Any CPU.ActiveCfg = Debug|Any CPU
		{F00321CE-0BF8-458E-A980-9E67208E1B46}.Debug|Any CPU.Build.0 = Debug|Any CPU
		{F00321CE-0BF8-458E-A980-9E67208E1B46}.Debug|x64.ActiveCfg = Debug|x64
		{F00321CE-0BF8-458E-A980-9E67208E1B46}.Debug|x64.Build.0 = Debug|x64
		{F00321CE-0BF8-458E-A980-9E67208E1B46}.Debug|x86.ActiveCfg = Debug|x86
		{F00321CE-0BF8-458E-A980-9E67208E1B46}.Debug|x86.Build.0 = Debug|x86
		{F00321CE-0BF8-458E-A980-9E67208E1B46}.Release|Any CPU.ActiveCfg = Release|Any CPU
		{F00321CE-0BF8-458E-A980-9E67208E1B46}.Release|Any CPU.Build.0 = Release|Any CPU
		{F00321CE-0BF8-458E-A980-9E67208E1B46}.Release|x64.ActiveCfg = Release|x64
		{F00321CE-0BF8-458E-A980-9E67208E1B46}.Release|x64.Build.0 = Release|x64
		{F00321CE-0BF8-458E-A980-9E67208E1B46}.Release|x86.ActiveCfg = Release|x86
		{F00321CE-0BF8-458E-A980-9E67208E1B46}.Release|x86.Build.0 = Release|x86
		{6A431AB0-0552-416E-996A-75042AF10C6F}.Debug|Any CPU.ActiveCfg = Debug|Any CPU
		{6A431AB0-0552-416E-996A-75042AF10C6F}.Debug|Any CPU.Build.0 = Debug|Any CPU
		{6A431AB0-0552-416E-996A-75042AF10C6F}.Debug|x64.ActiveCfg = Debug|x64
		{6A431AB0-0552-416E-996A-75042AF10C6F}.Debug|x64.Build.0 = Debug|x64
		{6A431AB0-0552-416E-996A-75042AF10C6F}.Debug|x86.ActiveCfg = Debug|x86
		{6A431AB0-0552-416E-996A-75042AF10C6F}.Debug|x86.Build.0 = Debug|x86
		{6A431AB0-0552-416E-996A-75042AF10C6F}.Release|Any CPU.ActiveCfg = Release|Any CPU
		{6A431AB0-0552-416E-996A-75042AF10C6F}.Release|Any CPU.Build.0 = Release|Any CPU
		{6A431AB0-0552-416E-996A-75042AF10C6F}.Release|x64.ActiveCfg = Release|x64
		{6A431AB0-0552-416E-996A-75042AF10C6F}.Release|x64.Build.0 = Release|x64
		{6A431AB0-0552-416E-996A-75042AF10C6F}.Release|x86.ActiveCfg = Release|x86
		{6A431AB0-0552-416E-996A-75042AF10C6F}.Release|x86.Build.0 = Release|x86
		{56A89EB9-741B-4117-857E-B87121FBEA9F}.Debug|Any CPU.ActiveCfg = Debug|Any CPU
		{56A89EB9-741B-4117-857E-B87121FBEA9F}.Debug|Any CPU.Build.0 = Debug|Any CPU
		{56A89EB9-741B-4117-857E-B87121FBEA9F}.Debug|x64.ActiveCfg = Debug|x64
		{56A89EB9-741B-4117-857E-B87121FBEA9F}.Debug|x64.Build.0 = Debug|x64
		{56A89EB9-741B-4117-857E-B87121FBEA9F}.Debug|x86.ActiveCfg = Debug|x86
		{56A89EB9-741B-4117-857E-B87121FBEA9F}.Debug|x86.Build.0 = Debug|x86
		{56A89EB9-741B-4117-857E-B87121FBEA9F}.Release|Any CPU.ActiveCfg = Release|Any CPU
		{56A89EB9-741B-4117-857E-B87121FBEA9F}.Release|Any CPU.Build.0 = Release|Any CPU
		{56A89EB9-741B-4117-857E-B87121FBEA9F}.Release|x64.ActiveCfg = Release|x64
		{56A89EB9-741B-4117-857E-B87121FBEA9F}.Release|x64.Build.0 = Release|x64
		{56A89EB9-741B-4117-857E-B87121FBEA9F}.Release|x86.ActiveCfg = Release|x86
		{56A89EB9-741B-4117-857E-B87121FBEA9F}.Release|x86.Build.0 = Release|x86
		{D2E04459-0D96-4996-B863-73E48857B3C2}.Debug|Any CPU.ActiveCfg = Debug|Any CPU
		{D2E04459-0D96-4996-B863-73E48857B3C2}.Debug|Any CPU.Build.0 = Debug|Any CPU
		{D2E04459-0D96-4996-B863-73E48857B3C2}.Debug|x64.ActiveCfg = Debug|x64
		{D2E04459-0D96-4996-B863-73E48857B3C2}.Debug|x64.Build.0 = Debug|x64
		{D2E04459-0D96-4996-B863-73E48857B3C2}.Debug|x86.ActiveCfg = Debug|x86
		{D2E04459-0D96-4996-B863-73E48857B3C2}.Debug|x86.Build.0 = Debug|x86
		{D2E04459-0D96-4996-B863-73E48857B3C2}.Release|Any CPU.ActiveCfg = Release|Any CPU
		{D2E04459-0D96-4996-B863-73E48857B3C2}.Release|Any CPU.Build.0 = Release|Any CPU
		{D2E04459-0D96-4996-B863-73E48857B3C2}.Release|x64.ActiveCfg = Release|x64
		{D2E04459-0D96-4996-B863-73E48857B3C2}.Release|x64.Build.0 = Release|x64
		{D2E04459-0D96-4996-B863-73E48857B3C2}.Release|x86.ActiveCfg = Release|x86
		{D2E04459-0D96-4996-B863-73E48857B3C2}.Release|x86.Build.0 = Release|x86
		{F80577B0-110F-4C92-B4E9-1AEBF2550C88}.Debug|Any CPU.ActiveCfg = Debug|Any CPU
		{F80577B0-110F-4C92-B4E9-1AEBF2550C88}.Debug|Any CPU.Build.0 = Debug|Any CPU
		{F80577B0-110F-4C92-B4E9-1AEBF2550C88}.Debug|x64.ActiveCfg = Debug|Any CPU
		{F80577B0-110F-4C92-B4E9-1AEBF2550C88}.Debug|x64.Build.0 = Debug|Any CPU
		{F80577B0-110F-4C92-B4E9-1AEBF2550C88}.Debug|x86.ActiveCfg = Debug|Any CPU
		{F80577B0-110F-4C92-B4E9-1AEBF2550C88}.Debug|x86.Build.0 = Debug|Any CPU
		{F80577B0-110F-4C92-B4E9-1AEBF2550C88}.Release|Any CPU.ActiveCfg = Release|Any CPU
		{F80577B0-110F-4C92-B4E9-1AEBF2550C88}.Release|Any CPU.Build.0 = Release|Any CPU
		{F80577B0-110F-4C92-B4E9-1AEBF2550C88}.Release|x64.ActiveCfg = Release|Any CPU
		{F80577B0-110F-4C92-B4E9-1AEBF2550C88}.Release|x64.Build.0 = Release|Any CPU
		{F80577B0-110F-4C92-B4E9-1AEBF2550C88}.Release|x86.ActiveCfg = Release|Any CPU
		{F80577B0-110F-4C92-B4E9-1AEBF2550C88}.Release|x86.Build.0 = Release|Any CPU
	EndGlobalSection
	GlobalSection(SolutionProperties) = preSolution
		HideSolutionNode = FALSE
	EndGlobalSection
	GlobalSection(NestedProjects) = preSolution
		{255D96CA-DDCC-F829-56EC-3EBC20F81C68} = {827E0CD3-B72D-47B6-A68D-7590B98EB39B}
		{C4A9C059-AAD5-FCD2-0430-42EB604938B5} = {255D96CA-DDCC-F829-56EC-3EBC20F81C68}
		{1DC32272-BDDF-E11A-F921-9063846D2ECD} = {C4A9C059-AAD5-FCD2-0430-42EB604938B5}
		{F80577B0-110F-4C92-B4E9-1AEBF2550C88} = {1DC32272-BDDF-E11A-F921-9063846D2ECD}
	EndGlobalSection
	GlobalSection(ExtensibilityGlobals) = postSolution
		SolutionGuid = {02ABA7B4-132C-4F35-BBFC-1B1E935240DE}
	EndGlobalSection
EndGlobal
